
Microsoft Visual Studio Solution File, Format Version 12.00
# Visual Studio Version 17
VisualStudioVersion = 17.3.32922.545
MinimumVisualStudioVersion = 10.0.40219.1
Project("{8BC9CEB8-8B4A-11D0-8D11-00A0C91BC942}") = "25 hw 06.10.2022 Чисто виртуальный деструктор", "25 hw 06.10.2022 Чисто виртуальный деструктор\25 hw 06.10.2022 Чисто виртуальный деструктор.vcxproj", "{094F441F-34B7-4B28-B576-6C8942EA6963}"
EndProject
Global
	GlobalSection(SolutionConfigurationPlatforms) = preSolution
		Debug|x64 = Debug|x64
		Debug|x86 = Debug|x86
		Release|x64 = Release|x64
		Release|x86 = Release|x86
	EndGlobalSection
	GlobalSection(ProjectConfigurationPlatforms) = postSolution
		{094F441F-34B7-4B28-B576-6C8942EA6963}.Debug|x64.ActiveCfg = Debug|x64
		{094F441F-34B7-4B28-B576-6C8942EA6963}.Debug|x64.Build.0 = Debug|x64
		{094F441F-34B7-4B28-B576-6C8942EA6963}.Debug|x86.ActiveCfg = Debug|Win32
		{094F441F-34B7-4B28-B576-6C8942EA6963}.Debug|x86.Build.0 = Debug|Win32
		{094F441F-34B7-4B28-B576-6C8942EA6963}.Release|x64.ActiveCfg = Release|x64
		{094F441F-34B7-4B28-B576-6C8942EA6963}.Release|x64.Build.0 = Release|x64
		{094F441F-34B7-4B28-B576-6C8942EA6963}.Release|x86.ActiveCfg = Release|Win32
		{094F441F-34B7-4B28-B576-6C8942EA6963}.Release|x86.Build.0 = Release|Win32
	EndGlobalSection
	GlobalSection(SolutionProperties) = preSolution
		HideSolutionNode = FALSE
	EndGlobalSection
	GlobalSection(ExtensibilityGlobals) = postSolution
		SolutionGuid = {15C2A7FE-A1BD-4A82-995F-99EBABE9B797}
	EndGlobalSection
EndGlobal
