
Microsoft Visual Studio Solution File, Format Version 12.00
# Visual Studio Version 17
VisualStudioVersion = 17.3.32825.248
MinimumVisualStudioVersion = 10.0.40219.1
Project("{8BC9CEB8-8B4A-11D0-8D11-00A0C91BC942}") = "12 ver.2", "12 ver.2\12 ver.2.vcxproj", "{FD653940-2068-48FB-AD6E-8394B0985DDA}"
EndProject
Global
	GlobalSection(SolutionConfigurationPlatforms) = preSolution
		Debug|x64 = Debug|x64
		Debug|x86 = Debug|x86
		Release|x64 = Release|x64
		Release|x86 = Release|x86
	EndGlobalSection
	GlobalSection(ProjectConfigurationPlatforms) = postSolution
		{FD653940-2068-48FB-AD6E-8394B0985DDA}.Debug|x64.ActiveCfg = Debug|x64
		{FD653940-2068-48FB-AD6E-8394B0985DDA}.Debug|x64.Build.0 = Debug|x64
		{FD653940-2068-48FB-AD6E-8394B0985DDA}.Debug|x86.ActiveCfg = Debug|Win32
		{FD653940-2068-48FB-AD6E-8394B0985DDA}.Debug|x86.Build.0 = Debug|Win32
		{FD653940-2068-48FB-AD6E-8394B0985DDA}.Release|x64.ActiveCfg = Release|x64
		{FD653940-2068-48FB-AD6E-8394B0985DDA}.Release|x64.Build.0 = Release|x64
		{FD653940-2068-48FB-AD6E-8394B0985DDA}.Release|x86.ActiveCfg = Release|Win32
		{FD653940-2068-48FB-AD6E-8394B0985DDA}.Release|x86.Build.0 = Release|Win32
	EndGlobalSection
	GlobalSection(SolutionProperties) = preSolution
		HideSolutionNode = FALSE
	EndGlobalSection
	GlobalSection(ExtensibilityGlobals) = postSolution
		SolutionGuid = {118F93CD-827A-4724-9022-4E13F496DF1E}
	EndGlobalSection
EndGlobal
