<?xml version="1.0" encoding="utf-8"?>
<Project ToolsVersion="4.0" xmlns="http://schemas.microsoft.com/developer/msbuild/2003">
  <ItemGroup>
    <Filter Include="Source Files">
      <UniqueIdentifier>{4FC737F1-C7A5-4376-A066-2A32D752A2FF}</UniqueIdentifier>
      <Extensions>cpp;c;cc;cxx;c++;cppm;ixx;def;odl;idl;hpj;bat;asm;asmx</Extensions>
    </Filter>
    <Filter Include="Header Files">
      <UniqueIdentifier>{93995380-89BD-4b04-88EB-625FBE52EBFB}</UniqueIdentifier>
      <Extensions>h;hh;hpp;hxx;h++;hm;inl;inc;ipp;xsd</Extensions>
    </Filter>
    <Filter Include="Resource Files">
      <UniqueIdentifier>{67DA6AB6-F800-4c08-8B7A-83BB121AAD01}</UniqueIdentifier>
      <Extensions>rc;ico;cur;bmp;dlg;rc2;rct;bin;rgs;gif;jpg;jpeg;jpe;resx;tiff;tif;png;wav;mfcribbon-ms</Extensions>
    </Filter>
    <Filter Include="Source Files\Operators">
      <UniqueIdentifier>{b9ed61d3-e488-466c-abc9-943b058acfa2}</UniqueIdentifier>
    </Filter>
    <Filter Include="Resource Files\MyString">
      <UniqueIdentifier>{82fb8c3b-ce1c-409f-a0dd-f0336fb6aa3b}</UniqueIdentifier>
    </Filter>
  </ItemGroup>
  <ItemGroup>
    <ClCompile Include="main.cpp">
      <Filter>Source Files</Filter>
    </ClCompile>
    <ClCompile Include="varOutputFunc.cpp">
      <Filter>Source Files</Filter>
    </ClCompile>
    <ClCompile Include="varConstructors.cpp">
      <Filter>Source Files</Filter>
    </ClCompile>
    <ClCompile Include="Operators\varOperatorArithmeticGlobal.cpp">
      <Filter>Source Files\Operators</Filter>
    </ClCompile>
    <ClCompile Include="Operators\varOperatorAssignment.cpp">
      <Filter>Source Files\Operators</Filter>
    </ClCompile>
    <ClCompile Include="Operators\varOperatorsArithmetic.cpp">
      <Filter>Source Files\Operators</Filter>
    </ClCompile>
    <ClCompile Include="Operators\varOperatorsArithmeticShortForm.cpp">
      <Filter>Source Files\Operators</Filter>
    </ClCompile>
    <ClCompile Include="Operators\varOperatorsConversion.cpp">
      <Filter>Source Files\Operators</Filter>
    </ClCompile>
    <ClCompile Include="Operators\varOperatorsСomparison.cpp">
      <Filter>Source Files\Operators</Filter>
    </ClCompile>
    <ClCompile Include="Operators\varOperatorsСomparisonGlobal.cpp">
      <Filter>Source Files\Operators</Filter>
    </ClCompile>
    <ClCompile Include="MyString\MyString.cpp">
      <Filter>Resource Files\MyString</Filter>
    </ClCompile>
  </ItemGroup>
  <ItemGroup>
    <ClInclude Include="var.h">
      <Filter>Header Files</Filter>
    </ClInclude>
    <ClInclude Include="MyString\MyString.h">
      <Filter>Resource Files\MyString</Filter>
    </ClInclude>
  </ItemGroup>
</Project>